
Microsoft Visual Studio Solution File, Format Version 12.00
# Visual Studio Version 16
VisualStudioVersion = 16.0.28803.202
MinimumVisualStudioVersion = 10.0.40219.1
Project("{9A19103F-16F7-4668-BE54-9A1E7A4F7556}") = "AttendanceApi", "AttendanceApi.csproj", "{48B75BB3-D4A4-47BA-A442-D852B2AF18F7}"
EndProject
Global
	GlobalSection(SolutionConfigurationPlatforms) = preSolution
		Debug|Any CPU = Debug|Any CPU
		Release|Any CPU = Release|Any CPU
	EndGlobalSection
	GlobalSection(ProjectConfigurationPlatforms) = postSolution
		{48B75BB3-D4A4-47BA-A442-D852B2AF18F7}.Debug|Any CPU.ActiveCfg = Debug|Any CPU
		{48B75BB3-D4A4-47BA-A442-D852B2AF18F7}.Debug|Any CPU.Build.0 = Debug|Any CPU
		{48B75BB3-D4A4-47BA-A442-D852B2AF18F7}.Release|Any CPU.ActiveCfg = Release|Any CPU
		{48B75BB3-D4A4-47BA-A442-D852B2AF18F7}.Release|Any CPU.Build.0 = Release|Any CPU
	EndGlobalSection
	GlobalSection(SolutionProperties) = preSolution
		HideSolutionNode = FALSE
	EndGlobalSection
	GlobalSection(ExtensibilityGlobals) = postSolution
		SolutionGuid = {4CCA8A6A-781B-4F40-BECC-2EBA8A74BFDE}
	EndGlobalSection
EndGlobal
